// !$*UTF8*$!
{
	archiveVersion = 1;
	classes = {
	};
	objectVersion = 46;
	objects = {

/* Begin PBXBuildFile section */
		4B839BFE1A3632AB00BC6F76 /* main.m in Sources */ = {isa = PBXBuildFile; fileRef = 4B839BFD1A3632AB00BC6F76 /* main.m */; };
		4B839C011A3632AB00BC6F76 /* AppDelegate.m in Sources */ = {isa = PBXBuildFile; fileRef = 4B839C001A3632AB00BC6F76 /* AppDelegate.m */; };
		4B839C041A3632AB00BC6F76 /* ViewController.m in Sources */ = {isa = PBXBuildFile; fileRef = 4B839C031A3632AB00BC6F76 /* ViewController.m */; };
		4B839C071A3632AB00BC6F76 /* Main.storyboard in Resources */ = {isa = PBXBuildFile; fileRef = 4B839C051A3632AB00BC6F76 /* Main.storyboard */; };
		4B839C091A3632AB00BC6F76 /* Images.xcassets in Resources */ = {isa = PBXBuildFile; fileRef = 4B839C081A3632AB00BC6F76 /* Images.xcassets */; };
		4B839C0C1A3632AB00BC6F76 /* LaunchScreen.xib in Resources */ = {isa = PBXBuildFile; fileRef = 4B839C0A1A3632AB00BC6F76 /* LaunchScreen.xib */; };
		4B839C181A3632AB00BC6F76 /* GitTestTests.m in Sources */ = {isa = PBXBuildFile; fileRef = 4B839C171A3632AB00BC6F76 /* GitTestTests.m */; };
/* End PBXBuildFile section */

/* Begin PBXContainerItemProxy section */
		4B839C121A3632AB00BC6F76 /* PBXContainerItemProxy */ = {
			isa = PBXContainerItemProxy;
			containerPortal = 4B839BF01A3632AA00BC6F76 /* Project object */;
			proxyType = 1;
			remoteGlobalIDString = 4B839BF71A3632AB00BC6F76;
			remoteInfo = GitTest;
		};
/* End PBXContainerItemProxy section */

/* Begin PBXFileReference section */
		4B839BF81A3632AB00BC6F76 /* GitTest.app */ = {isa = PBXFileReference; explicitFileType = wrapper.application; includeInIndex = 0; path = GitTest.app; sourceTree = BUILT_PRODUCTS_DIR; };
		4B839BFC1A3632AB00BC6F76 /* Info.plist */ = {isa = PBXFileReference; lastKnownFileType = text.plist.xml; path = Info.plist; sourceTree = "<group>"; };
		4B839BFD1A3632AB00BC6F76 /* main.m */ = {isa = PBXFileReference; lastKnownFileType = sourcecode.c.objc; path = main.m; sourceTree = "<group>"; };
		4B839BFF1A3632AB00BC6F76 /* AppDelegate.h */ = {isa = PBXFileReference; lastKnownFileType = sourcecode.c.h; path = AppDelegate.h; sourceTree = "<group>"; };
		4B839C001A3632AB00BC6F76 /* AppDelegate.m */ = {isa = PBXFileReference; lastKnownFileType = sourcecode.c.objc; path = AppDelegate.m; sourceTree = "<group>"; };
		4B839C021A3632AB00BC6F76 /* ViewController.h */ = {isa = PBXFileReference; lastKnownFileType = sourcecode.c.h; path = ViewController.h; sourceTree = "<group>"; };
		4B839C031A3632AB00BC6F76 /* ViewController.m */ = {isa = PBXFileReference; lastKnownFileType = sourcecode.c.objc; path = ViewController.m; sourceTree = "<group>"; };
		4B839C061A3632AB00BC6F76 /* Base */ = {isa = PBXFileReference; lastKnownFileType = file.storyboard; name = Base; path = Base.lproj/Main.storyboard; sourceTree = "<group>"; };
		4B839C081A3632AB00BC6F76 /* Images.xcassets */ = {isa = PBXFileReference; lastKnownFileType = folder.assetcatalog; path = Images.xcassets; sourceTree = "<group>"; };
		4B839C0B1A3632AB00BC6F76 /* Base */ = {isa = PBXFileReference; lastKnownFileType = file.xib; name = Base; path = Base.lproj/LaunchScreen.xib; sourceTree = "<group>"; };
		4B839C111A3632AB00BC6F76 /* GitTestTests.xctest */ = {isa = PBXFileReference; explicitFileType = wrapper.cfbundle; includeInIndex = 0; path = GitTestTests.xctest; sourceTree = BUILT_PRODUCTS_DIR; };
		4B839C161A3632AB00BC6F76 /* Info.plist */ = {isa = PBXFileReference; lastKnownFileType = text.plist.xml; path = Info.plist; sourceTree = "<group>"; };
		4B839C171A3632AB00BC6F76 /* GitTestTests.m */ = {isa = PBXFileReference; lastKnownFileType = sourcecode.c.objc; path = GitTestTests.m; sourceTree = "<group>"; };
/* End PBXFileReference section */

/* Begin PBXFrameworksBuildPhase section */
		4B839BF51A3632AB00BC6F76 /* Frameworks */ = {
			isa = PBXFrameworksBuildPhase;
			buildActionMask = 2147483647;
			files = (
			);
			runOnlyForDeploymentPostprocessing = 0;
		};
		4B839C0E1A3632AB00BC6F76 /* Frameworks */ = {
			isa = PBXFrameworksBuildPhase;
			buildActionMask = 2147483647;
			files = (
			);
			runOnlyForDeploymentPostprocessing = 0;
		};
/* End PBXFrameworksBuildPhase section */

/* Begin PBXGroup section */
		4B839BEF1A3632AA00BC6F76 = {
			isa = PBXGroup;
			children = (
				4B839BFA1A3632AB00BC6F76 /* GitTest */,
				4B839C141A3632AB00BC6F76 /* GitTestTests */,
				4B839BF91A3632AB00BC6F76 /* Products */,
			);
			sourceTree = "<group>";
		};
		4B839BF91A3632AB00BC6F76 /* Products */ = {
			isa = PBXGroup;
			children = (
				4B839BF81A3632AB00BC6F76 /* GitTest.app */,
				4B839C111A3632AB00BC6F76 /* GitTestTests.xctest */,
			);
			name = Products;
			sourceTree = "<group>";
		};
		4B839BFA1A3632AB00BC6F76 /* GitTest */ = {
			isa = PBXGroup;
			children = (
				4B839BFF1A3632AB00BC6F76 /* AppDelegate.h */,
				4B839C001A3632AB00BC6F76 /* AppDelegate.m */,
				4B839C021A3632AB00BC6F76 /* ViewController.h */,
				4B839C031A3632AB00BC6F76 /* ViewController.m */,
				4B839C051A3632AB00BC6F76 /* Main.storyboard */,
				4B839C081A3632AB00BC6F76 /* Images.xcassets */,
				4B839C0A1A3632AB00BC6F76 /* LaunchScreen.xib */,
				4B839BFB1A3632AB00BC6F76 /* Supporting Files */,
			);
			path = GitTest;
			sourceTree = "<group>";
		};
		4B839BFB1A3632AB00BC6F76 /* Supporting Files */ = {
			isa = PBXGroup;
			children = (
				4B839BFC1A3632AB00BC6F76 /* Info.plist */,
				4B839BFD1A3632AB00BC6F76 /* main.m */,
			);
			name = "Supporting Files";
			sourceTree = "<group>";
		};
		4B839C141A3632AB00BC6F76 /* GitTestTests */ = {
			isa = PBXGroup;
			children = (
				4B839C171A3632AB00BC6F76 /* GitTestTests.m */,
				4B839C151A3632AB00BC6F76 /* Supporting Files */,
			);
			path = GitTestTests;
			sourceTree = "<group>";
		};
		4B839C151A3632AB00BC6F76 /* Supporting Files */ = {
			isa = PBXGroup;
			children = (
				4B839C161A3632AB00BC6F76 /* Info.plist */,
			);
			name = "Supporting Files";
			sourceTree = "<group>";
		};
/* End PBXGroup section */

/* Begin PBXNativeTarget section */
		4B839BF71A3632AB00BC6F76 /* GitTest */ = {
			isa = PBXNativeTarget;
			buildConfigurationList = 4B839C1B1A3632AB00BC6F76 /* Build configuration list for PBXNativeTarget "GitTest" */;
			buildPhases = (
				4B839BF41A3632AB00BC6F76 /* Sources */,
				4B839BF51A3632AB00BC6F76 /* Frameworks */,
				4B839BF61A3632AB00BC6F76 /* Resources */,
			);
			buildRules = (
			);
			dependencies = (
			);
			name = GitTest;
			productName = GitTest;
			productReference = 4B839BF81A3632AB00BC6F76 /* GitTest.app */;
			productType = "com.apple.product-type.application";
		};
		4B839C101A3632AB00BC6F76 /* GitTestTests */ = {
			isa = PBXNativeTarget;
			buildConfigurationList = 4B839C1E1A3632AB00BC6F76 /* Build configuration list for PBXNativeTarget "GitTestTests" */;
			buildPhases = (
				4B839C0D1A3632AB00BC6F76 /* Sources */,
				4B839C0E1A3632AB00BC6F76 /* Frameworks */,
				4B839C0F1A3632AB00BC6F76 /* Resources */,
			);
			buildRules = (
			);
			dependencies = (
				4B839C131A3632AB00BC6F76 /* PBXTargetDependency */,
			);
			name = GitTestTests;
			productName = GitTestTests;
			productReference = 4B839C111A3632AB00BC6F76 /* GitTestTests.xctest */;
			productType = "com.apple.product-type.bundle.unit-test";
		};
/* End PBXNativeTarget section */

/* Begin PBXProject section */
		4B839BF01A3632AA00BC6F76 /* Project object */ = {
			isa = PBXProject;
			attributes = {
				LastUpgradeCheck = 0610;
				ORGANIZATIONNAME = "Miguel Fagundez";
				TargetAttributes = {
					4B839BF71A3632AB00BC6F76 = {
						CreatedOnToolsVersion = 6.1.1;
					};
					4B839C101A3632AB00BC6F76 = {
						CreatedOnToolsVersion = 6.1.1;
						TestTargetID = 4B839BF71A3632AB00BC6F76;
					};
				};
			};
			buildConfigurationList = 4B839BF31A3632AA00BC6F76 /* Build configuration list for PBXProject "GitTest" */;
			compatibilityVersion = "Xcode 3.2";
			developmentRegion = English;
			hasScannedForEncodings = 0;
			knownRegions = (
				en,
				Base,
			);
			mainGroup = 4B839BEF1A3632AA00BC6F76;
			productRefGroup = 4B839BF91A3632AB00BC6F76 /* Products */;
			projectDirPath = "";
			projectRoot = "";
			targets = (
				4B839BF71A3632AB00BC6F76 /* GitTest */,
				4B839C101A3632AB00BC6F76 /* GitTestTests */,
			);
		};
/* End PBXProject section */

/* Begin PBXResourcesBuildPhase section */
		4B839BF61A3632AB00BC6F76 /* Resources */ = {
			isa = PBXResourcesBuildPhase;
			buildActionMask = 2147483647;
			files = (
				4B839C071A3632AB00BC6F76 /* Main.storyboard in Resources */,
				4B839C0C1A3632AB00BC6F76 /* LaunchScreen.xib in Resources */,
				4B839C091A3632AB00BC6F76 /* Images.xcassets in Resources */,
			);
			runOnlyForDeploymentPostprocessing = 0;
		};
		4B839C0F1A3632AB00BC6F76 /* Resources */ = {
			isa = PBXResourcesBuildPhase;
			buildActionMask = 2147483647;
			files = (
			);
			runOnlyForDeploymentPostprocessing = 0;
		};
/* End PBXResourcesBuildPhase section */

/* Begin PBXSourcesBuildPhase section */
		4B839BF41A3632AB00BC6F76 /* Sources */ = {
			isa = PBXSourcesBuildPhase;
			buildActionMask = 2147483647;
			files = (
				4B839C041A3632AB00BC6F76 /* ViewController.m in Sources */,
				4B839C011A3632AB00BC6F76 /* AppDelegate.m in Sources */,
				4B839BFE1A3632AB00BC6F76 /* main.m in Sources */,
			);
			runOnlyForDeploymentPostprocessing = 0;
		};
		4B839C0D1A3632AB00BC6F76 /* Sources */ = {
			isa = PBXSourcesBuildPhase;
			buildActionMask = 2147483647;
			files = (
				4B839C181A3632AB00BC6F76 /* GitTestTests.m in Sources */,
			);
			runOnlyForDeploymentPostprocessing = 0;
		};
/* End PBXSourcesBuildPhase section */

/* Begin PBXTargetDependency section */
		4B839C131A3632AB00BC6F76 /* PBXTargetDependency */ = {
			isa = PBXTargetDependency;
			target = 4B839BF71A3632AB00BC6F76 /* GitTest */;
			targetProxy = 4B839C121A3632AB00BC6F76 /* PBXContainerItemProxy */;
		};
/* End PBXTargetDependency section */

/* Begin PBXVariantGroup section */
		4B839C051A3632AB00BC6F76 /* Main.storyboard */ = {
			isa = PBXVariantGroup;
			children = (
				4B839C061A3632AB00BC6F76 /* Base */,
			);
			name = Main.storyboard;
			sourceTree = "<group>";
		};
		4B839C0A1A3632AB00BC6F76 /* LaunchScreen.xib */ = {
			isa = PBXVariantGroup;
			children = (
				4B839C0B1A3632AB00BC6F76 /* Base */,
			);
			name = LaunchScreen.xib;
			sourceTree = "<group>";
		};
/* End PBXVariantGroup section */

/* Begin XCBuildConfiguration section */
		4B839C191A3632AB00BC6F76 /* Debug */ = {
			isa = XCBuildConfiguration;
			buildSettings = {
				ALWAYS_SEARCH_USER_PATHS = NO;
				CLANG_CXX_LANGUAGE_STANDARD = "gnu++0x";
				CLANG_CXX_LIBRARY = "libc++";
				CLANG_ENABLE_MODULES = YES;
				CLANG_ENABLE_OBJC_ARC = YES;
				CLANG_WARN_BOOL_CONVERSION = YES;
				CLANG_WARN_CONSTANT_CONVERSION = YES;
				CLANG_WARN_DIRECT_OBJC_ISA_USAGE = YES_ERROR;
				CLANG_WARN_EMPTY_BODY = YES;
				CLANG_WARN_ENUM_CONVERSION = YES;
				CLANG_WARN_INT_CONVERSION = YES;
				CLANG_WARN_OBJC_ROOT_CLASS = YES_ERROR;
				CLANG_WARN_UNREACHABLE_CODE = YES;
				CLANG_WARN__DUPLICATE_METHOD_MATCH = YES;
				"CODE_SIGN_IDENTITY[sdk=iphoneos*]" = "iPhone Developer";
				COPY_PHASE_STRIP = NO;
				ENABLE_STRICT_OBJC_MSGSEND = YES;
				GCC_C_LANGUAGE_STANDARD = gnu99;
				GCC_DYNAMIC_NO_PIC = NO;
				GCC_OPTIMIZATION_LEVEL = 0;
				GCC_PREPROCESSOR_DEFINITIONS = (
					"DEBUG=1",
					"$(inherited)",
				);
				GCC_SYMBOLS_PRIVATE_EXTERN = NO;
				GCC_WARN_64_TO_32_BIT_CONVERSION = YES;
				GCC_WARN_ABOUT_RETURN_TYPE = YES_ERROR;
				GCC_WARN_UNDECLARED_SELECTOR = YES;
				GCC_WARN_UNINITIALIZED_AUTOS = YES_AGGRESSIVE;
				GCC_WARN_UNUSED_FUNCTION = YES;
				GCC_WARN_UNUSED_VARIABLE = YES;
				IPHONEOS_DEPLOYMENT_TARGET = 8.1;
				MTL_ENABLE_DEBUG_INFO = YES;
				ONLY_ACTIVE_ARCH = YES;
				SDKROOT = iphoneos;
			};
			name = Debug;
		};
		4B839C1A1A3632AB00BC6F76 /* Release */ = {
			isa = XCBuildConfiguration;
			buildSettings = {
				ALWAYS_SEARCH_USER_PATHS = NO;
				CLANG_CXX_LANGUAGE_STANDARD = "gnu++0x";
				CLANG_CXX_LIBRARY = "libc++";
				CLANG_ENABLE_MODULES = YES;
				CLANG_ENABLE_OBJC_ARC = YES;
				CLANG_WARN_BOOL_CONVERSION = YES;
				CLANG_WARN_CONSTANT_CONVERSION = YES;
				CLANG_WARN_DIRECT_OBJC_ISA_USAGE = YES_ERROR;
				CLANG_WARN_EMPTY_BODY = YES;
				CLANG_WARN_ENUM_CONVERSION = YES;
				CLANG_WARN_INT_CONVERSION = YES;
				CLANG_WARN_OBJC_ROOT_CLASS = YES_ERROR;
				CLANG_WARN_UNREACHABLE_CODE = YES;
				CLANG_WARN__DUPLICATE_METHOD_MATCH = YES;
				"CODE_SIGN_IDENTITY[sdk=iphoneos*]" = "iPhone Developer";
				COPY_PHASE_STRIP = YES;
				ENABLE_NS_ASSERTIONS = NO;
				ENABLE_STRICT_OBJC_MSGSEND = YES;
				GCC_C_LANGUAGE_STANDARD = gnu99;
				GCC_WARN_64_TO_32_BIT_CONVERSION = YES;
				GCC_WARN_ABOUT_RETURN_TYPE = YES_ERROR;
				GCC_WARN_UNDECLARED_SELECTOR = YES;
				GCC_WARN_UNINITIALIZED_AUTOS = YES_AGGRESSIVE;
				GCC_WARN_UNUSED_FUNCTION = YES;
				GCC_WARN_UNUSED_VARIABLE = YES;
				IPHONEOS_DEPLOYMENT_TARGET = 8.1;
				MTL_ENABLE_DEBUG_INFO = NO;
				SDKROOT = iphoneos;
				VALIDATE_PRODUCT = YES;
			};
			name = Release;
		};
		4B839C1C1A3632AB00BC6F76 /* Debug */ = {
			isa = XCBuildConfiguration;
			buildSettings = {
				ASSETCATALOG_COMPILER_APPICON_NAME = AppIcon;
				INFOPLIST_FILE = GitTest/Info.plist;
				LD_RUNPATH_SEARCH_PATHS = "$(inherited) @executable_path/Frameworks";
				PRODUCT_NAME = "$(TARGET_NAME)";
			};
			name = Debug;
		};
		4B839C1D1A3632AB00BC6F76 /* Release */ = {
			isa = XCBuildConfiguration;
			buildSettings = {
				ASSETCATALOG_COMPILER_APPICON_NAME = AppIcon;
				INFOPLIST_FILE = GitTest/Info.plist;
				LD_RUNPATH_SEARCH_PATHS = "$(inherited) @executable_path/Frameworks";
				PRODUCT_NAME = "$(TARGET_NAME)";
			};
			name = Release;
		};
		4B839C1F1A3632AB00BC6F76 /* Debug */ = {
			isa = XCBuildConfiguration;
			buildSettings = {
				BUNDLE_LOADER = "$(TEST_HOST)";
				FRAMEWORK_SEARCH_PATHS = (
					"$(SDKROOT)/Developer/Library/Frameworks",
					"$(inherited)",
				);
				GCC_PREPROCESSOR_DEFINITIONS = (
					"DEBUG=1",
					"$(inherited)",
				);
				INFOPLIST_FILE = GitTestTests/Info.plist;
				LD_RUNPATH_SEARCH_PATHS = "$(inherited) @executable_path/Frameworks @loader_path/Frameworks";
				PRODUCT_NAME = "$(TARGET_NAME)";
				TEST_HOST = "$(BUILT_PRODUCTS_DIR)/GitTest.app/GitTest";
			};
			name = Debug;
		};
		4B839C201A3632AB00BC6F76 /* Release */ = {
			isa = XCBuildConfiguration;
			buildSettings = {
				BUNDLE_LOADER = "$(TEST_HOST)";
				FRAMEWORK_SEARCH_PATHS = (
					"$(SDKROOT)/Developer/Library/Frameworks",
					"$(inherited)",
				);
				INFOPLIST_FILE = GitTestTests/Info.plist;
				LD_RUNPATH_SEARCH_PATHS = "$(inherited) @executable_path/Frameworks @loader_path/Frameworks";
				PRODUCT_NAME = "$(TARGET_NAME)";
				TEST_HOST = "$(BUILT_PRODUCTS_DIR)/GitTest.app/GitTest";
			};
			name = Release;
		};
/* End XCBuildConfiguration section */

/* Begin XCConfigurationList section */
		4B839BF31A3632AA00BC6F76 /* Build configuration list for PBXProject "GitTest" */ = {
			isa = XCConfigurationList;
			buildConfigurations = (
				4B839C191A3632AB00BC6F76 /* Debug */,
				4B839C1A1A3632AB00BC6F76 /* Release */,
			);
			defaultConfigurationIsVisible = 0;
			defaultConfigurationName = Release;
		};
		4B839C1B1A3632AB00BC6F76 /* Build configuration list for PBXNativeTarget "GitTest" */ = {
			isa = XCConfigurationList;
			buildConfigurations = (
				4B839C1C1A3632AB00BC6F76 /* Debug */,
				4B839C1D1A3632AB00BC6F76 /* Release */,
			);
			defaultConfigurationIsVisible = 0;
		};
		4B839C1E1A3632AB00BC6F76 /* Build configuration list for PBXNativeTarget "GitTestTests" */ = {
			isa = XCConfigurationList;
			buildConfigurations = (
				4B839C1F1A3632AB00BC6F76 /* Debug */,
				4B839C201A3632AB00BC6F76 /* Release */,
			);
			defaultConfigurationIsVisible = 0;
		};
/* End XCConfigurationList section */
	};
	rootObject = 4B839BF01A3632AA00BC6F76 /* Project object */;
}
